// !$*UTF8*$!
{
	archiveVersion = 1;
	classes = {
	};
	objectVersion = 56;
	objects = {

/* Begin PBXBuildFile section */
		26BA04732D6F789500A80BB3 /* GoogleGenerativeAI in Frameworks */ = {isa = PBXBuildFile; productRef = 26BA04722D6F789500A80BB3 /* GoogleGenerativeAI */; };
		26BA04752D6F858900A80BB3 /* Secrets.xcconfig in Resources */ = {isa = PBXBuildFile; fileRef = 26BA04742D6F858900A80BB3 /* Secrets.xcconfig */; };
		26D71EBE2D6F464C007861D4 /* pAIApp.swift in Sources */ = {isa = PBXBuildFile; fileRef = 26D71EBD2D6F464C007861D4 /* pAIApp.swift */; };
		26D71EC02D6F464C007861D4 /* HomeView.swift in Sources */ = {isa = PBXBuildFile; fileRef = 26D71EBF2D6F464C007861D4 /* HomeView.swift */; };
		26D71EC22D6F464E007861D4 /* Assets.xcassets in Resources */ = {isa = PBXBuildFile; fileRef = 26D71EC12D6F464E007861D4 /* Assets.xcassets */; };
		26D71EC52D6F464E007861D4 /* Preview Assets.xcassets in Resources */ = {isa = PBXBuildFile; fileRef = 26D71EC42D6F464E007861D4 /* Preview Assets.xcassets */; };
		26D71ECC2D6F4776007861D4 /* GoogleService-Info.plist in Resources */ = {isa = PBXBuildFile; fileRef = 26D71ECB2D6F4776007861D4 /* GoogleService-Info.plist */; };
		26D71ECF2D6F4B1A007861D4 /* FirebaseCore in Frameworks */ = {isa = PBXBuildFile; productRef = 26D71ECE2D6F4B1A007861D4 /* FirebaseCore */; };
		26D71ED12D6F4B1A007861D4 /* FirebaseFirestore in Frameworks */ = {isa = PBXBuildFile; productRef = 26D71ED02D6F4B1A007861D4 /* FirebaseFirestore */; };
		26D71ED32D6F5714007861D4 /* MeetingRoomsViewModel.swift in Sources */ = {isa = PBXBuildFile; fileRef = 26D71ED22D6F5714007861D4 /* MeetingRoomsViewModel.swift */; };
		26D71ED52D6F5B10007861D4 /* RoomDetailsView.swift in Sources */ = {isa = PBXBuildFile; fileRef = 26D71ED42D6F5B10007861D4 /* RoomDetailsView.swift */; };
		26D71EDB2D6F66D7007861D4 /* SwiftSpeech in Frameworks */ = {isa = PBXBuildFile; productRef = 26D71EDA2D6F66D7007861D4 /* SwiftSpeech */; };
/* End PBXBuildFile section */

/* Begin PBXFileReference section */
		26BA04742D6F858900A80BB3 /* Secrets.xcconfig */ = {isa = PBXFileReference; lastKnownFileType = text.xcconfig; path = Secrets.xcconfig; sourceTree = "<group>"; };
		26D71EBA2D6F464C007861D4 /* pAI.app */ = {isa = PBXFileReference; explicitFileType = wrapper.application; includeInIndex = 0; path = pAI.app; sourceTree = BUILT_PRODUCTS_DIR; };
		26D71EBD2D6F464C007861D4 /* pAIApp.swift */ = {isa = PBXFileReference; lastKnownFileType = sourcecode.swift; path = pAIApp.swift; sourceTree = "<group>"; };
		26D71EBF2D6F464C007861D4 /* HomeView.swift */ = {isa = PBXFileReference; lastKnownFileType = sourcecode.swift; path = HomeView.swift; sourceTree = "<group>"; };
		26D71EC12D6F464E007861D4 /* Assets.xcassets */ = {isa = PBXFileReference; lastKnownFileType = folder.assetcatalog; path = Assets.xcassets; sourceTree = "<group>"; };
		26D71EC42D6F464E007861D4 /* Preview Assets.xcassets */ = {isa = PBXFileReference; lastKnownFileType = folder.assetcatalog; path = "Preview Assets.xcassets"; sourceTree = "<group>"; };
		26D71ECB2D6F4776007861D4 /* GoogleService-Info.plist */ = {isa = PBXFileReference; fileEncoding = 4; lastKnownFileType = text.plist.xml; path = "GoogleService-Info.plist"; sourceTree = "<group>"; };
		26D71ED22D6F5714007861D4 /* MeetingRoomsViewModel.swift */ = {isa = PBXFileReference; lastKnownFileType = sourcecode.swift; path = MeetingRoomsViewModel.swift; sourceTree = "<group>"; };
		26D71ED42D6F5B10007861D4 /* RoomDetailsView.swift */ = {isa = PBXFileReference; lastKnownFileType = sourcecode.swift; path = RoomDetailsView.swift; sourceTree = "<group>"; };
/* End PBXFileReference section */

/* Begin PBXFrameworksBuildPhase section */
		26D71EB72D6F464C007861D4 /* Frameworks */ = {
			isa = PBXFrameworksBuildPhase;
			buildActionMask = 2147483647;
			files = (
				26D71ECF2D6F4B1A007861D4 /* FirebaseCore in Frameworks */,
				26D71EDB2D6F66D7007861D4 /* SwiftSpeech in Frameworks */,
				26D71ED12D6F4B1A007861D4 /* FirebaseFirestore in Frameworks */,
				26BA04732D6F789500A80BB3 /* GoogleGenerativeAI in Frameworks */,
			);
			runOnlyForDeploymentPostprocessing = 0;
		};
/* End PBXFrameworksBuildPhase section */

/* Begin PBXGroup section */
		26D71EB12D6F464C007861D4 = {
			isa = PBXGroup;
			children = (
				26D71EBC2D6F464C007861D4 /* pAI */,
				26D71EBB2D6F464C007861D4 /* Products */,
			);
			sourceTree = "<group>";
		};
		26D71EBB2D6F464C007861D4 /* Products */ = {
			isa = PBXGroup;
			children = (
				26D71EBA2D6F464C007861D4 /* pAI.app */,
			);
			name = Products;
			sourceTree = "<group>";
		};
		26D71EBC2D6F464C007861D4 /* pAI */ = {
			isa = PBXGroup;
			children = (
				26D71ECB2D6F4776007861D4 /* GoogleService-Info.plist */,
				26D71EBD2D6F464C007861D4 /* pAIApp.swift */,
				26D71ED22D6F5714007861D4 /* MeetingRoomsViewModel.swift */,
				26D71EBF2D6F464C007861D4 /* HomeView.swift */,
				26D71ED42D6F5B10007861D4 /* RoomDetailsView.swift */,
				26D71EC12D6F464E007861D4 /* Assets.xcassets */,
				26D71EC32D6F464E007861D4 /* Preview Content */,
				26BA04742D6F858900A80BB3 /* Secrets.xcconfig */,
			);
			path = pAI;
			sourceTree = "<group>";
		};
		26D71EC32D6F464E007861D4 /* Preview Content */ = {
			isa = PBXGroup;
			children = (
				26D71EC42D6F464E007861D4 /* Preview Assets.xcassets */,
			);
			path = "Preview Content";
			sourceTree = "<group>";
		};
/* End PBXGroup section */

/* Begin PBXNativeTarget section */
		26D71EB92D6F464C007861D4 /* pAI */ = {
			isa = PBXNativeTarget;
			buildConfigurationList = 26D71EC82D6F464E007861D4 /* Build configuration list for PBXNativeTarget "pAI" */;
			buildPhases = (
				26D71EB62D6F464C007861D4 /* Sources */,
				26D71EB72D6F464C007861D4 /* Frameworks */,
				26D71EB82D6F464C007861D4 /* Resources */,
			);
			buildRules = (
			);
			dependencies = (
			);
			name = pAI;
			packageProductDependencies = (
				26D71ECE2D6F4B1A007861D4 /* FirebaseCore */,
				26D71ED02D6F4B1A007861D4 /* FirebaseFirestore */,
				26D71EDA2D6F66D7007861D4 /* SwiftSpeech */,
				26BA04722D6F789500A80BB3 /* GoogleGenerativeAI */,
			);
			productName = pAI;
			productReference = 26D71EBA2D6F464C007861D4 /* pAI.app */;
			productType = "com.apple.product-type.application";
		};
/* End PBXNativeTarget section */

/* Begin PBXProject section */
		26D71EB22D6F464C007861D4 /* Project object */ = {
			isa = PBXProject;
			attributes = {
				BuildIndependentTargetsInParallel = 1;
				LastSwiftUpdateCheck = 1540;
				LastUpgradeCheck = 1540;
				TargetAttributes = {
					26D71EB92D6F464C007861D4 = {
						CreatedOnToolsVersion = 15.4;
					};
				};
			};
			buildConfigurationList = 26D71EB52D6F464C007861D4 /* Build configuration list for PBXProject "pAI" */;
			compatibilityVersion = "Xcode 14.0";
			developmentRegion = en;
			hasScannedForEncodings = 0;
			knownRegions = (
				en,
				Base,
			);
			mainGroup = 26D71EB12D6F464C007861D4;
			packageReferences = (
				26D71ECD2D6F4B1A007861D4 /* XCRemoteSwiftPackageReference "firebase-ios-sdk" */,
				26D71ED92D6F66D7007861D4 /* XCRemoteSwiftPackageReference "SwiftSpeech" */,
				26BA04712D6F789500A80BB3 /* XCRemoteSwiftPackageReference "generative-ai-swift" */,
			);
			productRefGroup = 26D71EBB2D6F464C007861D4 /* Products */;
			projectDirPath = "";
			projectRoot = "";
			targets = (
				26D71EB92D6F464C007861D4 /* pAI */,
			);
		};
/* End PBXProject section */

/* Begin PBXResourcesBuildPhase section */
		26D71EB82D6F464C007861D4 /* Resources */ = {
			isa = PBXResourcesBuildPhase;
			buildActionMask = 2147483647;
			files = (
				26BA04752D6F858900A80BB3 /* Secrets.xcconfig in Resources */,
				26D71EC52D6F464E007861D4 /* Preview Assets.xcassets in Resources */,
				26D71EC22D6F464E007861D4 /* Assets.xcassets in Resources */,
				26D71ECC2D6F4776007861D4 /* GoogleService-Info.plist in Resources */,
			);
			runOnlyForDeploymentPostprocessing = 0;
		};
/* End PBXResourcesBuildPhase section */

/* Begin PBXSourcesBuildPhase section */
		26D71EB62D6F464C007861D4 /* Sources */ = {
			isa = PBXSourcesBuildPhase;
			buildActionMask = 2147483647;
			files = (
				26D71EC02D6F464C007861D4 /* HomeView.swift in Sources */,
				26D71ED32D6F5714007861D4 /* MeetingRoomsViewModel.swift in Sources */,
				26D71ED52D6F5B10007861D4 /* RoomDetailsView.swift in Sources */,
				26D71EBE2D6F464C007861D4 /* pAIApp.swift in Sources */,
			);
			runOnlyForDeploymentPostprocessing = 0;
		};
/* End PBXSourcesBuildPhase section */

/* Begin XCBuildConfiguration section */
		26D71EC62D6F464E007861D4 /* Debug */ = {
			isa = XCBuildConfiguration;
			baseConfigurationReference = 26BA04742D6F858900A80BB3 /* Secrets.xcconfig */;
			buildSettings = {
				ALWAYS_SEARCH_USER_PATHS = NO;
				ASSETCATALOG_COMPILER_GENERATE_SWIFT_ASSET_SYMBOL_EXTENSIONS = YES;
				CLANG_ANALYZER_NONNULL = YES;
				CLANG_ANALYZER_NUMBER_OBJECT_CONVERSION = YES_AGGRESSIVE;
				CLANG_CXX_LANGUAGE_STANDARD = "gnu++20";
				CLANG_ENABLE_MODULES = YES;
				CLANG_ENABLE_OBJC_ARC = YES;
				CLANG_ENABLE_OBJC_WEAK = YES;
				CLANG_WARN_BLOCK_CAPTURE_AUTORELEASING = YES;
				CLANG_WARN_BOOL_CONVERSION = YES;
				CLANG_WARN_COMMA = YES;
				CLANG_WARN_CONSTANT_CONVERSION = YES;
				CLANG_WARN_DEPRECATED_OBJC_IMPLEMENTATIONS = YES;
				CLANG_WARN_DIRECT_OBJC_ISA_USAGE = YES_ERROR;
				CLANG_WARN_DOCUMENTATION_COMMENTS = YES;
				CLANG_WARN_EMPTY_BODY = YES;
				CLANG_WARN_ENUM_CONVERSION = YES;
				CLANG_WARN_INFINITE_RECURSION = YES;
				CLANG_WARN_INT_CONVERSION = YES;
				CLANG_WARN_NON_LITERAL_NULL_CONVERSION = YES;
				CLANG_WARN_OBJC_IMPLICIT_RETAIN_SELF = YES;
				CLANG_WARN_OBJC_LITERAL_CONVERSION = YES;
				CLANG_WARN_OBJC_ROOT_CLASS = YES_ERROR;
				CLANG_WARN_QUOTED_INCLUDE_IN_FRAMEWORK_HEADER = YES;
				CLANG_WARN_RANGE_LOOP_ANALYSIS = YES;
				CLANG_WARN_STRICT_PROTOTYPES = YES;
				CLANG_WARN_SUSPICIOUS_MOVE = YES;
				CLANG_WARN_UNGUARDED_AVAILABILITY = YES_AGGRESSIVE;
				CLANG_WARN_UNREACHABLE_CODE = YES;
				CLANG_WARN__DUPLICATE_METHOD_MATCH = YES;
				COPY_PHASE_STRIP = NO;
				DEBUG_INFORMATION_FORMAT = dwarf;
				ENABLE_STRICT_OBJC_MSGSEND = YES;
				ENABLE_TESTABILITY = YES;
				ENABLE_USER_SCRIPT_SANDBOXING = YES;
				GCC_C_LANGUAGE_STANDARD = gnu17;
				GCC_DYNAMIC_NO_PIC = NO;
				GCC_NO_COMMON_BLOCKS = YES;
				GCC_OPTIMIZATION_LEVEL = 0;
				GCC_PREPROCESSOR_DEFINITIONS = (
					"DEBUG=1",
					"$(inherited)",
				);
				GCC_WARN_64_TO_32_BIT_CONVERSION = YES;
				GCC_WARN_ABOUT_RETURN_TYPE = YES_ERROR;
				GCC_WARN_UNDECLARED_SELECTOR = YES;
				GCC_WARN_UNINITIALIZED_AUTOS = YES_AGGRESSIVE;
				GCC_WARN_UNUSED_FUNCTION = YES;
				GCC_WARN_UNUSED_VARIABLE = YES;
				IPHONEOS_DEPLOYMENT_TARGET = 17.5;
				LOCALIZATION_PREFERS_STRING_CATALOGS = YES;
				MTL_ENABLE_DEBUG_INFO = INCLUDE_SOURCE;
				MTL_FAST_MATH = YES;
				ONLY_ACTIVE_ARCH = YES;
				SDKROOT = iphoneos;
				SWIFT_ACTIVE_COMPILATION_CONDITIONS = "DEBUG $(inherited)";
				SWIFT_OPTIMIZATION_LEVEL = "-Onone";
			};
			name = Debug;
		};
		26D71EC72D6F464E007861D4 /* Release */ = {
			isa = XCBuildConfiguration;
			baseConfigurationReference = 26BA04742D6F858900A80BB3 /* Secrets.xcconfig */;
			buildSettings = {
				ALWAYS_SEARCH_USER_PATHS = NO;
				ASSETCATALOG_COMPILER_GENERATE_SWIFT_ASSET_SYMBOL_EXTENSIONS = YES;
				CLANG_ANALYZER_NONNULL = YES;
				CLANG_ANALYZER_NUMBER_OBJECT_CONVERSION = YES_AGGRESSIVE;
				CLANG_CXX_LANGUAGE_STANDARD = "gnu++20";
				CLANG_ENABLE_MODULES = YES;
				CLANG_ENABLE_OBJC_ARC = YES;
				CLANG_ENABLE_OBJC_WEAK = YES;
				CLANG_WARN_BLOCK_CAPTURE_AUTORELEASING = YES;
				CLANG_WARN_BOOL_CONVERSION = YES;
				CLANG_WARN_COMMA = YES;
				CLANG_WARN_CONSTANT_CONVERSION = YES;
				CLANG_WARN_DEPRECATED_OBJC_IMPLEMENTATIONS = YES;
				CLANG_WARN_DIRECT_OBJC_ISA_USAGE = YES_ERROR;
				CLANG_WARN_DOCUMENTATION_COMMENTS = YES;
				CLANG_WARN_EMPTY_BODY = YES;
				CLANG_WARN_ENUM_CONVERSION = YES;
				CLANG_WARN_INFINITE_RECURSION = YES;
				CLANG_WARN_INT_CONVERSION = YES;
				CLANG_WARN_NON_LITERAL_NULL_CONVERSION = YES;
				CLANG_WARN_OBJC_IMPLICIT_RETAIN_SELF = YES;
				CLANG_WARN_OBJC_LITERAL_CONVERSION = YES;
				CLANG_WARN_OBJC_ROOT_CLASS = YES_ERROR;
				CLANG_WARN_QUOTED_INCLUDE_IN_FRAMEWORK_HEADER = YES;
				CLANG_WARN_RANGE_LOOP_ANALYSIS = YES;
				CLANG_WARN_STRICT_PROTOTYPES = YES;
				CLANG_WARN_SUSPICIOUS_MOVE = YES;
				CLANG_WARN_UNGUARDED_AVAILABILITY = YES_AGGRESSIVE;
				CLANG_WARN_UNREACHABLE_CODE = YES;
				CLANG_WARN__DUPLICATE_METHOD_MATCH = YES;
				COPY_PHASE_STRIP = NO;
				DEBUG_INFORMATION_FORMAT = "dwarf-with-dsym";
				ENABLE_NS_ASSERTIONS = NO;
				ENABLE_STRICT_OBJC_MSGSEND = YES;
				ENABLE_USER_SCRIPT_SANDBOXING = YES;
				GCC_C_LANGUAGE_STANDARD = gnu17;
				GCC_NO_COMMON_BLOCKS = YES;
				GCC_WARN_64_TO_32_BIT_CONVERSION = YES;
				GCC_WARN_ABOUT_RETURN_TYPE = YES_ERROR;
				GCC_WARN_UNDECLARED_SELECTOR = YES;
				GCC_WARN_UNINITIALIZED_AUTOS = YES_AGGRESSIVE;
				GCC_WARN_UNUSED_FUNCTION = YES;
				GCC_WARN_UNUSED_VARIABLE = YES;
				IPHONEOS_DEPLOYMENT_TARGET = 17.5;
				LOCALIZATION_PREFERS_STRING_CATALOGS = YES;
				MTL_ENABLE_DEBUG_INFO = NO;
				MTL_FAST_MATH = YES;
				SDKROOT = iphoneos;
				SWIFT_COMPILATION_MODE = wholemodule;
				VALIDATE_PRODUCT = YES;
			};
			name = Release;
		};
		26D71EC92D6F464E007861D4 /* Debug */ = {
			isa = XCBuildConfiguration;
			baseConfigurationReference = 26BA04742D6F858900A80BB3 /* Secrets.xcconfig */;
			buildSettings = {
				ASSETCATALOG_COMPILER_APPICON_NAME = AppIcon;
				ASSETCATALOG_COMPILER_GLOBAL_ACCENT_COLOR_NAME = AccentColor;
				CODE_SIGN_STYLE = Automatic;
				CURRENT_PROJECT_VERSION = 1;
				DEVELOPMENT_ASSET_PATHS = "\"pAI/Preview Content\"";
				DEVELOPMENT_TEAM = 5X4JL3QJTX;
				ENABLE_PREVIEWS = YES;
				GEMINI_API_KEY = "$(GEMINI_API_KEY)";
				GENERATE_INFOPLIST_FILE = YES;
				INFOPLIST_FILE = pAI/Info.plist;
				INFOPLIST_KEY_NSMicrophoneUsageDescription = "Allow microphone access for speech input";
				INFOPLIST_KEY_NSSpeechRecognitionUsageDescription = "Allow speech recognition for transcribing your speech";
				INFOPLIST_KEY_UIApplicationSceneManifest_Generation = YES;
				INFOPLIST_KEY_UIApplicationSupportsIndirectInputEvents = YES;
				INFOPLIST_KEY_UILaunchScreen_Generation = YES;
				INFOPLIST_KEY_UISupportedInterfaceOrientations_iPad = "UIInterfaceOrientationPortrait UIInterfaceOrientationPortraitUpsideDown UIInterfaceOrientationLandscapeLeft UIInterfaceOrientationLandscapeRight";
				INFOPLIST_KEY_UISupportedInterfaceOrientations_iPhone = "UIInterfaceOrientationPortrait UIInterfaceOrientationLandscapeLeft UIInterfaceOrientationLandscapeRight";
				LD_RUNPATH_SEARCH_PATHS = (
					"$(inherited)",
					"@executable_path/Frameworks",
				);
				MARKETING_VERSION = 1.0;
				PRODUCT_BUNDLE_IDENTIFIER = xj.pAI;
				PRODUCT_NAME = "$(TARGET_NAME)";
				SWIFT_EMIT_LOC_STRINGS = YES;
				SWIFT_VERSION = 5.0;
				TARGETED_DEVICE_FAMILY = "1,2";
			};
			name = Debug;
		};
		26D71ECA2D6F464E007861D4 /* Release */ = {
			isa = XCBuildConfiguration;
			baseConfigurationReference = 26BA04742D6F858900A80BB3 /* Secrets.xcconfig */;
			buildSettings = {
				ASSETCATALOG_COMPILER_APPICON_NAME = AppIcon;
				ASSETCATALOG_COMPILER_GLOBAL_ACCENT_COLOR_NAME = AccentColor;
				CODE_SIGN_STYLE = Automatic;
				CURRENT_PROJECT_VERSION = 1;
				DEVELOPMENT_ASSET_PATHS = "\"pAI/Preview Content\"";
				DEVELOPMENT_TEAM = 5X4JL3QJTX;
				ENABLE_PREVIEWS = YES;
				GEMINI_API_KEY = "$(GEMINI_API_KEY)";
				GENERATE_INFOPLIST_FILE = YES;
				INFOPLIST_FILE = pAI/Info.plist;
				INFOPLIST_KEY_NSMicrophoneUsageDescription = "Allow microphone access for speech input";
				INFOPLIST_KEY_NSSpeechRecognitionUsageDescription = "Allow speech recognition for transcribing your speech";
				INFOPLIST_KEY_UIApplicationSceneManifest_Generation = YES;
				INFOPLIST_KEY_UIApplicationSupportsIndirectInputEvents = YES;
				INFOPLIST_KEY_UILaunchScreen_Generation = YES;
				INFOPLIST_KEY_UISupportedInterfaceOrientations_iPad = "UIInterfaceOrientationPortrait UIInterfaceOrientationPortraitUpsideDown UIInterfaceOrientationLandscapeLeft UIInterfaceOrientationLandscapeRight";
				INFOPLIST_KEY_UISupportedInterfaceOrientations_iPhone = "UIInterfaceOrientationPortrait UIInterfaceOrientationLandscapeLeft UIInterfaceOrientationLandscapeRight";
				LD_RUNPATH_SEARCH_PATHS = (
					"$(inherited)",
					"@executable_path/Frameworks",
				);
				MARKETING_VERSION = 1.0;
				PRODUCT_BUNDLE_IDENTIFIER = xj.pAI;
				PRODUCT_NAME = "$(TARGET_NAME)";
				SWIFT_EMIT_LOC_STRINGS = YES;
				SWIFT_VERSION = 5.0;
				TARGETED_DEVICE_FAMILY = "1,2";
			};
			name = Release;
		};
/* End XCBuildConfiguration section */

/* Begin XCConfigurationList section */
		26D71EB52D6F464C007861D4 /* Build configuration list for PBXProject "pAI" */ = {
			isa = XCConfigurationList;
			buildConfigurations = (
				26D71EC62D6F464E007861D4 /* Debug */,
				26D71EC72D6F464E007861D4 /* Release */,
			);
			defaultConfigurationIsVisible = 0;
			defaultConfigurationName = Release;
		};
		26D71EC82D6F464E007861D4 /* Build configuration list for PBXNativeTarget "pAI" */ = {
			isa = XCConfigurationList;
			buildConfigurations = (
				26D71EC92D6F464E007861D4 /* Debug */,
				26D71ECA2D6F464E007861D4 /* Release */,
			);
			defaultConfigurationIsVisible = 0;
			defaultConfigurationName = Release;
		};
/* End XCConfigurationList section */

/* Begin XCRemoteSwiftPackageReference section */
		26BA04712D6F789500A80BB3 /* XCRemoteSwiftPackageReference "generative-ai-swift" */ = {
			isa = XCRemoteSwiftPackageReference;
			repositoryURL = "https://github.com/google/generative-ai-swift";
			requirement = {
				kind = upToNextMajorVersion;
				minimumVersion = 0.5.6;
			};
		};
		26D71ECD2D6F4B1A007861D4 /* XCRemoteSwiftPackageReference "firebase-ios-sdk" */ = {
			isa = XCRemoteSwiftPackageReference;
			repositoryURL = "https://github.com/firebase/firebase-ios-sdk";
			requirement = {
				kind = upToNextMajorVersion;
				minimumVersion = 11.9.0;
			};
		};
		26D71ED92D6F66D7007861D4 /* XCRemoteSwiftPackageReference "SwiftSpeech" */ = {
			isa = XCRemoteSwiftPackageReference;
			repositoryURL = "https://github.com/Cay-Zhang/SwiftSpeech";
			requirement = {
				branch = master;
				kind = branch;
			};
		};
/* End XCRemoteSwiftPackageReference section */

/* Begin XCSwiftPackageProductDependency section */
		26BA04722D6F789500A80BB3 /* GoogleGenerativeAI */ = {
			isa = XCSwiftPackageProductDependency;
			package = 26BA04712D6F789500A80BB3 /* XCRemoteSwiftPackageReference "generative-ai-swift" */;
			productName = GoogleGenerativeAI;
		};
		26D71ECE2D6F4B1A007861D4 /* FirebaseCore */ = {
			isa = XCSwiftPackageProductDependency;
			package = 26D71ECD2D6F4B1A007861D4 /* XCRemoteSwiftPackageReference "firebase-ios-sdk" */;
			productName = FirebaseCore;
		};
		26D71ED02D6F4B1A007861D4 /* FirebaseFirestore */ = {
			isa = XCSwiftPackageProductDependency;
			package = 26D71ECD2D6F4B1A007861D4 /* XCRemoteSwiftPackageReference "firebase-ios-sdk" */;
			productName = FirebaseFirestore;
		};
		26D71EDA2D6F66D7007861D4 /* SwiftSpeech */ = {
			isa = XCSwiftPackageProductDependency;
			package = 26D71ED92D6F66D7007861D4 /* XCRemoteSwiftPackageReference "SwiftSpeech" */;
			productName = SwiftSpeech;
		};
/* End XCSwiftPackageProductDependency section */
	};
	rootObject = 26D71EB22D6F464C007861D4 /* Project object */;
}
